
Microsoft Visual Studio Solution File, Format Version 12.00
# Visual Studio Version 17
VisualStudioVersion = 17.4.33213.308
MinimumVisualStudioVersion = 10.0.40219.1
Project("{FAE04EC0-301F-11D3-BF4B-00C04F79EFBC}") = "10 Kysymystä", "10 Kysymystä\10 Kysymystä.csproj", "{D151CB99-9FE0-4CB4-A0A0-D495EBD1A260}"
EndProject
Global
	GlobalSection(SolutionConfigurationPlatforms) = preSolution
		Debug|Any CPU = Debug|Any CPU
		Release|Any CPU = Release|Any CPU
	EndGlobalSection
	GlobalSection(ProjectConfigurationPlatforms) = postSolution
		{D151CB99-9FE0-4CB4-A0A0-D495EBD1A260}.Debug|Any CPU.ActiveCfg = Debug|Any CPU
		{D151CB99-9FE0-4CB4-A0A0-D495EBD1A260}.Debug|Any CPU.Build.0 = Debug|Any CPU
		{D151CB99-9FE0-4CB4-A0A0-D495EBD1A260}.Release|Any CPU.ActiveCfg = Release|Any CPU
		{D151CB99-9FE0-4CB4-A0A0-D495EBD1A260}.Release|Any CPU.Build.0 = Release|Any CPU
	EndGlobalSection
	GlobalSection(SolutionProperties) = preSolution
		HideSolutionNode = FALSE
	EndGlobalSection
	GlobalSection(ExtensibilityGlobals) = postSolution
		SolutionGuid = {EA1A492B-A04B-4AF4-B68E-AAD3287C5E36}
	EndGlobalSection
EndGlobal
