
Microsoft Visual Studio Solution File, Format Version 12.00
# Visual Studio Version 17
VisualStudioVersion = 17.4.33213.308
MinimumVisualStudioVersion = 10.0.40219.1
Project("{9A19103F-16F7-4668-BE54-9A1E7A4F7556}") = "KalvoltaTeht24.2", "KalvoltaTeht24.2\KalvoltaTeht24.2.csproj", "{4CEAED2B-D1DE-4A3E-BCA9-2EFDFD4BA2A1}"
EndProject
Project("{9A19103F-16F7-4668-BE54-9A1E7A4F7556}") = "KalvoltaTeht24.3", "KalvoltaTeht24.3\KalvoltaTeht24.3.csproj", "{492B282C-62EB-440D-A0EC-486F02365075}"
EndProject
Project("{9A19103F-16F7-4668-BE54-9A1E7A4F7556}") = "KalvoltaTeht24.4", "KalvoltaTeht24.4\KalvoltaTeht24.4.csproj", "{C03655A3-06C6-4621-B33D-802AF673B306}"
EndProject
Project("{9A19103F-16F7-4668-BE54-9A1E7A4F7556}") = "KalvoltaT24.5", "KalvoltaT24.5\KalvoltaT24.5.csproj", "{A7B4B1AC-1AA0-4841-AA4C-9F816DFA4679}"
EndProject
Project("{FAE04EC0-301F-11D3-BF4B-00C04F79EFBC}") = "KalvoltaTeht24.5", "KalvoltaTeht24.5\KalvoltaTeht24.5.csproj", "{FFBE1BC9-73CF-4642-9A43-137E759C3620}"
EndProject
Project("{FAE04EC0-301F-11D3-BF4B-00C04F79EFBC}") = "KalvoltaTeht24.6", "KalvoltaTeht24.6\KalvoltaTeht24.6.csproj", "{B9B68371-4847-4473-A0FD-84CE193EC4E3}"
EndProject
Project("{FAE04EC0-301F-11D3-BF4B-00C04F79EFBC}") = "KalvoltaTeht24.7", "KalvoltaTeht24.7\KalvoltaTeht24.7.csproj", "{D5664775-E90F-4353-B4CB-B86AB1783AA6}"
EndProject
Global
	GlobalSection(SolutionConfigurationPlatforms) = preSolution
		Debug|Any CPU = Debug|Any CPU
		Release|Any CPU = Release|Any CPU
	EndGlobalSection
	GlobalSection(ProjectConfigurationPlatforms) = postSolution
		{4CEAED2B-D1DE-4A3E-BCA9-2EFDFD4BA2A1}.Debug|Any CPU.ActiveCfg = Debug|Any CPU
		{4CEAED2B-D1DE-4A3E-BCA9-2EFDFD4BA2A1}.Debug|Any CPU.Build.0 = Debug|Any CPU
		{4CEAED2B-D1DE-4A3E-BCA9-2EFDFD4BA2A1}.Release|Any CPU.ActiveCfg = Release|Any CPU
		{4CEAED2B-D1DE-4A3E-BCA9-2EFDFD4BA2A1}.Release|Any CPU.Build.0 = Release|Any CPU
		{492B282C-62EB-440D-A0EC-486F02365075}.Debug|Any CPU.ActiveCfg = Debug|Any CPU
		{492B282C-62EB-440D-A0EC-486F02365075}.Debug|Any CPU.Build.0 = Debug|Any CPU
		{492B282C-62EB-440D-A0EC-486F02365075}.Release|Any CPU.ActiveCfg = Release|Any CPU
		{492B282C-62EB-440D-A0EC-486F02365075}.Release|Any CPU.Build.0 = Release|Any CPU
		{C03655A3-06C6-4621-B33D-802AF673B306}.Debug|Any CPU.ActiveCfg = Debug|Any CPU
		{C03655A3-06C6-4621-B33D-802AF673B306}.Debug|Any CPU.Build.0 = Debug|Any CPU
		{C03655A3-06C6-4621-B33D-802AF673B306}.Release|Any CPU.ActiveCfg = Release|Any CPU
		{C03655A3-06C6-4621-B33D-802AF673B306}.Release|Any CPU.Build.0 = Release|Any CPU
		{A7B4B1AC-1AA0-4841-AA4C-9F816DFA4679}.Debug|Any CPU.ActiveCfg = Debug|Any CPU
		{A7B4B1AC-1AA0-4841-AA4C-9F816DFA4679}.Debug|Any CPU.Build.0 = Debug|Any CPU
		{A7B4B1AC-1AA0-4841-AA4C-9F816DFA4679}.Release|Any CPU.ActiveCfg = Release|Any CPU
		{A7B4B1AC-1AA0-4841-AA4C-9F816DFA4679}.Release|Any CPU.Build.0 = Release|Any CPU
		{FFBE1BC9-73CF-4642-9A43-137E759C3620}.Debug|Any CPU.ActiveCfg = Debug|Any CPU
		{FFBE1BC9-73CF-4642-9A43-137E759C3620}.Debug|Any CPU.Build.0 = Debug|Any CPU
		{FFBE1BC9-73CF-4642-9A43-137E759C3620}.Release|Any CPU.ActiveCfg = Release|Any CPU
		{FFBE1BC9-73CF-4642-9A43-137E759C3620}.Release|Any CPU.Build.0 = Release|Any CPU
		{B9B68371-4847-4473-A0FD-84CE193EC4E3}.Debug|Any CPU.ActiveCfg = Debug|Any CPU
		{B9B68371-4847-4473-A0FD-84CE193EC4E3}.Debug|Any CPU.Build.0 = Debug|Any CPU
		{B9B68371-4847-4473-A0FD-84CE193EC4E3}.Release|Any CPU.ActiveCfg = Release|Any CPU
		{B9B68371-4847-4473-A0FD-84CE193EC4E3}.Release|Any CPU.Build.0 = Release|Any CPU
		{D5664775-E90F-4353-B4CB-B86AB1783AA6}.Debug|Any CPU.ActiveCfg = Debug|Any CPU
		{D5664775-E90F-4353-B4CB-B86AB1783AA6}.Debug|Any CPU.Build.0 = Debug|Any CPU
		{D5664775-E90F-4353-B4CB-B86AB1783AA6}.Release|Any CPU.ActiveCfg = Release|Any CPU
		{D5664775-E90F-4353-B4CB-B86AB1783AA6}.Release|Any CPU.Build.0 = Release|Any CPU
	EndGlobalSection
	GlobalSection(SolutionProperties) = preSolution
		HideSolutionNode = FALSE
	EndGlobalSection
	GlobalSection(ExtensibilityGlobals) = postSolution
		SolutionGuid = {134B42BD-6C0C-4FBA-A17E-19A3AB6CF751}
	EndGlobalSection
EndGlobal
