
Microsoft Visual Studio Solution File, Format Version 12.00
# Visual Studio Version 17
VisualStudioVersion = 17.4.33213.308
MinimumVisualStudioVersion = 10.0.40219.1
Project("{FAE04EC0-301F-11D3-BF4B-00C04F79EFBC}") = "MuistioT17", "MuistioT17\MuistioT17.csproj", "{A92919F8-7EEF-48C9-AD7E-94CC2E76DD40}"
EndProject
Global
	GlobalSection(SolutionConfigurationPlatforms) = preSolution
		Debug|Any CPU = Debug|Any CPU
		Release|Any CPU = Release|Any CPU
	EndGlobalSection
	GlobalSection(ProjectConfigurationPlatforms) = postSolution
		{A92919F8-7EEF-48C9-AD7E-94CC2E76DD40}.Debug|Any CPU.ActiveCfg = Debug|Any CPU
		{A92919F8-7EEF-48C9-AD7E-94CC2E76DD40}.Debug|Any CPU.Build.0 = Debug|Any CPU
		{A92919F8-7EEF-48C9-AD7E-94CC2E76DD40}.Release|Any CPU.ActiveCfg = Release|Any CPU
		{A92919F8-7EEF-48C9-AD7E-94CC2E76DD40}.Release|Any CPU.Build.0 = Release|Any CPU
	EndGlobalSection
	GlobalSection(SolutionProperties) = preSolution
		HideSolutionNode = FALSE
	EndGlobalSection
	GlobalSection(ExtensibilityGlobals) = postSolution
		SolutionGuid = {858DE70E-CABC-483E-8C64-64CB42CCE4ED}
	EndGlobalSection
EndGlobal
