
Microsoft Visual Studio Solution File, Format Version 12.00
# Visual Studio Version 17
VisualStudioVersion = 17.4.33213.308
MinimumVisualStudioVersion = 10.0.40219.1
Project("{FAE04EC0-301F-11D3-BF4B-00C04F79EFBC}") = "Suositut nimet", "Suositut nimet\Suositut nimet.csproj", "{AA868367-996E-44A6-A22D-5865DD2B2354}"
EndProject
Global
	GlobalSection(SolutionConfigurationPlatforms) = preSolution
		Debug|Any CPU = Debug|Any CPU
		Release|Any CPU = Release|Any CPU
	EndGlobalSection
	GlobalSection(ProjectConfigurationPlatforms) = postSolution
		{AA868367-996E-44A6-A22D-5865DD2B2354}.Debug|Any CPU.ActiveCfg = Debug|Any CPU
		{AA868367-996E-44A6-A22D-5865DD2B2354}.Debug|Any CPU.Build.0 = Debug|Any CPU
		{AA868367-996E-44A6-A22D-5865DD2B2354}.Release|Any CPU.ActiveCfg = Release|Any CPU
		{AA868367-996E-44A6-A22D-5865DD2B2354}.Release|Any CPU.Build.0 = Release|Any CPU
	EndGlobalSection
	GlobalSection(SolutionProperties) = preSolution
		HideSolutionNode = FALSE
	EndGlobalSection
	GlobalSection(ExtensibilityGlobals) = postSolution
		SolutionGuid = {EBED33FB-FC2F-48C5-B63F-C6E299D51F82}
	EndGlobalSection
EndGlobal
