
Microsoft Visual Studio Solution File, Format Version 12.00
# Visual Studio Version 17
VisualStudioVersion = 17.3.32804.467
MinimumVisualStudioVersion = 10.0.40219.1
Project("{FAE04EC0-301F-11D3-BF4B-00C04F79EFBC}") = "Projekti01", "Projekti01\Projekti01.csproj", "{5932F7E3-CCA7-4F37-B523-7FB579B4609D}"
EndProject
Project("{FAE04EC0-301F-11D3-BF4B-00C04F79EFBC}") = "OmaNimi", "OmaNimi\OmaNimi.csproj", "{1F791F4C-F48E-450E-A414-D083D326219A}"
EndProject
Project("{FAE04EC0-301F-11D3-BF4B-00C04F79EFBC}") = "YksiNumerot", "YksiNumerot\YksiNumerot.csproj", "{C7B675E7-C246-4407-A2B4-F3B3574BE201}"
EndProject
Global
	GlobalSection(SolutionConfigurationPlatforms) = preSolution
		Debug|Any CPU = Debug|Any CPU
		Release|Any CPU = Release|Any CPU
	EndGlobalSection
	GlobalSection(ProjectConfigurationPlatforms) = postSolution
		{5932F7E3-CCA7-4F37-B523-7FB579B4609D}.Debug|Any CPU.ActiveCfg = Debug|Any CPU
		{5932F7E3-CCA7-4F37-B523-7FB579B4609D}.Debug|Any CPU.Build.0 = Debug|Any CPU
		{5932F7E3-CCA7-4F37-B523-7FB579B4609D}.Release|Any CPU.ActiveCfg = Release|Any CPU
		{5932F7E3-CCA7-4F37-B523-7FB579B4609D}.Release|Any CPU.Build.0 = Release|Any CPU
		{1F791F4C-F48E-450E-A414-D083D326219A}.Debug|Any CPU.ActiveCfg = Debug|Any CPU
		{1F791F4C-F48E-450E-A414-D083D326219A}.Debug|Any CPU.Build.0 = Debug|Any CPU
		{1F791F4C-F48E-450E-A414-D083D326219A}.Release|Any CPU.ActiveCfg = Release|Any CPU
		{1F791F4C-F48E-450E-A414-D083D326219A}.Release|Any CPU.Build.0 = Release|Any CPU
		{C7B675E7-C246-4407-A2B4-F3B3574BE201}.Debug|Any CPU.ActiveCfg = Debug|Any CPU
		{C7B675E7-C246-4407-A2B4-F3B3574BE201}.Debug|Any CPU.Build.0 = Debug|Any CPU
		{C7B675E7-C246-4407-A2B4-F3B3574BE201}.Release|Any CPU.ActiveCfg = Release|Any CPU
		{C7B675E7-C246-4407-A2B4-F3B3574BE201}.Release|Any CPU.Build.0 = Release|Any CPU
	EndGlobalSection
	GlobalSection(SolutionProperties) = preSolution
		HideSolutionNode = FALSE
	EndGlobalSection
	GlobalSection(ExtensibilityGlobals) = postSolution
		SolutionGuid = {7FB80C52-D68D-44CA-BF7C-D038D3711B06}
	EndGlobalSection
EndGlobal
