
Microsoft Visual Studio Solution File, Format Version 12.00
# Visual Studio Version 17
VisualStudioVersion = 17.4.33213.308
MinimumVisualStudioVersion = 10.0.40219.1
Project("{FAE04EC0-301F-11D3-BF4B-00C04F79EFBC}") = "Muistio", "Muistio\Muistio.csproj", "{7191E530-BB39-43DF-896D-72CB6D297BA5}"
EndProject
Global
	GlobalSection(SolutionConfigurationPlatforms) = preSolution
		Debug|Any CPU = Debug|Any CPU
		Release|Any CPU = Release|Any CPU
	EndGlobalSection
	GlobalSection(ProjectConfigurationPlatforms) = postSolution
		{7191E530-BB39-43DF-896D-72CB6D297BA5}.Debug|Any CPU.ActiveCfg = Debug|Any CPU
		{7191E530-BB39-43DF-896D-72CB6D297BA5}.Debug|Any CPU.Build.0 = Debug|Any CPU
		{7191E530-BB39-43DF-896D-72CB6D297BA5}.Release|Any CPU.ActiveCfg = Release|Any CPU
		{7191E530-BB39-43DF-896D-72CB6D297BA5}.Release|Any CPU.Build.0 = Release|Any CPU
	EndGlobalSection
	GlobalSection(SolutionProperties) = preSolution
		HideSolutionNode = FALSE
	EndGlobalSection
	GlobalSection(ExtensibilityGlobals) = postSolution
		SolutionGuid = {27DB967A-20E7-4442-AFD4-1FB060A9CDB6}
	EndGlobalSection
EndGlobal
