
Microsoft Visual Studio Solution File, Format Version 12.00
# Visual Studio Version 17
VisualStudioVersion = 17.4.33213.308
MinimumVisualStudioVersion = 10.0.40219.1
Project("{FAE04EC0-301F-11D3-BF4B-00C04F79EFBC}") = "KalvoltaTeht", "KalvoltaTeht\KalvoltaTeht.csproj", "{2BC52055-3DB6-4E94-A068-DC00D407C147}"
EndProject
Project("{FAE04EC0-301F-11D3-BF4B-00C04F79EFBC}") = "KalvoltaTeht2", "KalvoltaTeht2\KalvoltaTeht2.csproj", "{5819F2ED-4416-446D-8645-F979E5904014}"
EndProject
Project("{FAE04EC0-301F-11D3-BF4B-00C04F79EFBC}") = "KalvoltaTeht1", "KalvoltaTeht1\KalvoltaTeht1.csproj", "{81E9CA6E-3A6F-4DF3-99B2-1BE9806AA1B8}"
EndProject
Global
	GlobalSection(SolutionConfigurationPlatforms) = preSolution
		Debug|Any CPU = Debug|Any CPU
		Release|Any CPU = Release|Any CPU
	EndGlobalSection
	GlobalSection(ProjectConfigurationPlatforms) = postSolution
		{2BC52055-3DB6-4E94-A068-DC00D407C147}.Debug|Any CPU.ActiveCfg = Debug|Any CPU
		{2BC52055-3DB6-4E94-A068-DC00D407C147}.Debug|Any CPU.Build.0 = Debug|Any CPU
		{2BC52055-3DB6-4E94-A068-DC00D407C147}.Release|Any CPU.ActiveCfg = Release|Any CPU
		{2BC52055-3DB6-4E94-A068-DC00D407C147}.Release|Any CPU.Build.0 = Release|Any CPU
		{5819F2ED-4416-446D-8645-F979E5904014}.Debug|Any CPU.ActiveCfg = Debug|Any CPU
		{5819F2ED-4416-446D-8645-F979E5904014}.Debug|Any CPU.Build.0 = Debug|Any CPU
		{5819F2ED-4416-446D-8645-F979E5904014}.Release|Any CPU.ActiveCfg = Release|Any CPU
		{5819F2ED-4416-446D-8645-F979E5904014}.Release|Any CPU.Build.0 = Release|Any CPU
		{81E9CA6E-3A6F-4DF3-99B2-1BE9806AA1B8}.Debug|Any CPU.ActiveCfg = Debug|Any CPU
		{81E9CA6E-3A6F-4DF3-99B2-1BE9806AA1B8}.Debug|Any CPU.Build.0 = Debug|Any CPU
		{81E9CA6E-3A6F-4DF3-99B2-1BE9806AA1B8}.Release|Any CPU.ActiveCfg = Release|Any CPU
		{81E9CA6E-3A6F-4DF3-99B2-1BE9806AA1B8}.Release|Any CPU.Build.0 = Release|Any CPU
	EndGlobalSection
	GlobalSection(SolutionProperties) = preSolution
		HideSolutionNode = FALSE
	EndGlobalSection
	GlobalSection(ExtensibilityGlobals) = postSolution
		SolutionGuid = {76346A3B-1E1F-4C32-9BCD-20F5B5569090}
	EndGlobalSection
EndGlobal
